{
  "version": 4,
  "terraform_version": "1.1.7",
  "serial": 21,
  "lineage": "79767e5b-19b4-0d8e-ef39-02b5b7bda294",
  "outputs": {},
  "resources": [
    {
      "mode": "managed",
      "type": "digitalocean_droplet",
      "name": "staging",
      "provider": "provider[\"registry.terraform.io/digitalocean/digitalocean\"]",
      "instances": [
        {
          "schema_version": 1,
          "attributes": {
            "backups": false,
            "created_at": "2022-05-13T12:50:18Z",
            "disk": 25,
            "id": "299614154",
            "image": "108176657",
            "ipv4_address": "167.172.45.219",
            "ipv4_address_private": "10.110.0.2",
            "ipv6": false,
            "ipv6_address": "",
            "ipv6_address_private": null,
            "locked": false,
            "memory": 1024,
            "monitoring": false,
            "name": "cgs-presentation",
            "price_hourly": 0.00744,
            "price_monthly": 5,
            "private_networking": true,
            "region": "ams3",
            "resize_disk": true,
            "size": "s-1vcpu-1gb",
            "ssh_keys": [
              "db:53:ac:6a:26:76:c2:f2:65:11:e5:b9:16:43:e3:b0"
            ],
            "status": "active",
            "tags": null,
            "urn": "do:droplet:299614154",
            "user_data": null,
            "vcpus": 1,
            "volume_ids": [],
            "vpc_uuid": "bc6f3c6c-0020-46bd-99a7-5317fbca2701"
          },
          "sensitive_attributes": [],
          "private": "eyJzY2hlbWFfdmVyc2lvbiI6IjEifQ=="
        }
      ]
    }
  ]
}
